Microsoft Visual Studio Solution File, Format Version 12.00
# Visual Studio Version 17
VisualStudioVersion = 17.5.2.0
MinimumVisualStudioVersion = 10.0.40219.1
Project("{FAE04EC0-301F-11D3-BF4B-00C04F79EFBC}") = "2025-04-16-Web-api-example", "2025-04-16-Web-api-example.csproj", "{C63EBB8F-3EA1-9E70-8C6D-253B6E4E32E9}"
EndProject
Global
	GlobalSection(SolutionConfigurationPlatforms) = preSolution
		Debug|Any CPU = Debug|Any CPU
		Release|Any CPU = Release|Any CPU
	EndGlobalSection
	GlobalSection(ProjectConfigurationPlatforms) = postSolution
		{C63EBB8F-3EA1-9E70-8C6D-253B6E4E32E9}.Debug|Any CPU.ActiveCfg = Debug|Any CPU
		{C63EBB8F-3EA1-9E70-8C6D-253B6E4E32E9}.Debug|Any CPU.Build.0 = Debug|Any CPU
		{C63EBB8F-3EA1-9E70-8C6D-253B6E4E32E9}.Release|Any CPU.ActiveCfg = Release|Any CPU
		{C63EBB8F-3EA1-9E70-8C6D-253B6E4E32E9}.Release|Any CPU.Build.0 = Release|Any CPU
	EndGlobalSection
	GlobalSection(SolutionProperties) = preSolution
		HideSolutionNode = FALSE
	EndGlobalSection
	GlobalSection(ExtensibilityGlobals) = postSolution
		SolutionGuid = {CF984EC4-BC3F-4D8E-8640-86FBF8EBDCDA}
	EndGlobalSection
EndGlobal
